// !$*UTF8*$!
{
	archiveVersion = 1;
	classes = {
	};
	objectVersion = 46;
	objects = {

/* Begin PBXBuildFile section */
		9849952A1EA56BE800B9E40E /* main.m in Sources */ = {isa = PBXBuildFile; fileRef = 984995291EA56BE800B9E40E /* main.m */; };
		984995331EA56FD200B9E40E /* User.m in Sources */ = {isa = PBXBuildFile; fileRef = 984995321EA56FD200B9E40E /* User.m */; };
		984995361EA5D97B00B9E40E /* Friend.m in Sources */ = {isa = PBXBuildFile; fileRef = 984995351EA5D97B00B9E40E /* Friend.m */; };
		9849953F1EA65EB500B9E40E /* User+Addres.m in Sources */ = {isa = PBXBuildFile; fileRef = 9849953E1EA65EB500B9E40E /* User+Addres.m */; };
		985746491EA9FC220095A01B /* User+PersonBirthdayCategory.m in Sources */ = {isa = PBXBuildFile; fileRef = 985746481EA9FC220095A01B /* User+PersonBirthdayCategory.m */; };
/* End PBXBuildFile section */

/* Begin PBXCopyFilesBuildPhase section */
		984995241EA56BE800B9E40E /* CopyFiles */ = {
			isa = PBXCopyFilesBuildPhase;
			buildActionMask = 2147483647;
			dstPath = /usr/share/man/man1/;
			dstSubfolderSpec = 0;
			files = (
			);
			runOnlyForDeploymentPostprocessing = 1;
		};
/* End PBXCopyFilesBuildPhase section */

/* Begin PBXFileReference section */
		984995261EA56BE800B9E40E /* MRR Task1 */ = {isa = PBXFileReference; explicitFileType = "compiled.mach-o.executable"; includeInIndex = 0; path = "MRR Task1"; sourceTree = BUILT_PRODUCTS_DIR; };
		984995291EA56BE800B9E40E /* main.m */ = {isa = PBXFileReference; lastKnownFileType = sourcecode.c.objc; path = main.m; sourceTree = "<group>"; };
		984995311EA56FD200B9E40E /* User.h */ = {isa = PBXFileReference; fileEncoding = 4; lastKnownFileType = sourcecode.c.h; path = User.h; sourceTree = "<group>"; };
		984995321EA56FD200B9E40E /* User.m */ = {isa = PBXFileReference; fileEncoding = 4; lastKnownFileType = sourcecode.c.objc; path = User.m; sourceTree = "<group>"; };
		984995341EA5D97B00B9E40E /* Friend.h */ = {isa = PBXFileReference; fileEncoding = 4; lastKnownFileType = sourcecode.c.h; path = Friend.h; sourceTree = "<group>"; };
		984995351EA5D97B00B9E40E /* Friend.m */ = {isa = PBXFileReference; fileEncoding = 4; lastKnownFileType = sourcecode.c.objc; path = Friend.m; sourceTree = "<group>"; };
		9849953C1EA5DBC200B9E40E /* PersonBirthday.h */ = {isa = PBXFileReference; fileEncoding = 4; lastKnownFileType = sourcecode.c.h; path = PersonBirthday.h; sourceTree = "<group>"; };
		9849953D1EA65EB500B9E40E /* User+Addres.h */ = {isa = PBXFileReference; fileEncoding = 4; lastKnownFileType = sourcecode.c.h; path = "User+Addres.h"; sourceTree = "<group>"; };
		9849953E1EA65EB500B9E40E /* User+Addres.m */ = {isa = PBXFileReference; fileEncoding = 4; lastKnownFileType = sourcecode.c.objc; path = "User+Addres.m"; sourceTree = "<group>"; };
		985746471EA9FC220095A01B /* User+PersonBirthdayCategory.h */ = {isa = PBXFileReference; fileEncoding = 4; lastKnownFileType = sourcecode.c.h; path = "User+PersonBirthdayCategory.h"; sourceTree = "<group>"; };
		985746481EA9FC220095A01B /* User+PersonBirthdayCategory.m */ = {isa = PBXFileReference; fileEncoding = 4; lastKnownFileType = sourcecode.c.objc; path = "User+PersonBirthdayCategory.m"; sourceTree = "<group>"; };
/* End PBXFileReference section */

/* Begin PBXFrameworksBuildPhase section */
		984995231EA56BE800B9E40E /* Frameworks */ = {
			isa = PBXFrameworksBuildPhase;
			buildActionMask = 2147483647;
			files = (
			);
			runOnlyForDeploymentPostprocessing = 0;
		};
/* End PBXFrameworksBuildPhase section */

/* Begin PBXGroup section */
		9849951D1EA56BE800B9E40E = {
			isa = PBXGroup;
			children = (
				984995281EA56BE800B9E40E /* MRR Task1 */,
				984995271EA56BE800B9E40E /* Products */,
			);
			sourceTree = "<group>";
		};
		984995271EA56BE800B9E40E /* Products */ = {
			isa = PBXGroup;
			children = (
				984995261EA56BE800B9E40E /* MRR Task1 */,
			);
			name = Products;
			sourceTree = "<group>";
		};
		984995281EA56BE800B9E40E /* MRR Task1 */ = {
			isa = PBXGroup;
			children = (
				984995301EA56FB200B9E40E /* UserModel */,
				984995291EA56BE800B9E40E /* main.m */,
			);
			path = "MRR Task1";
			sourceTree = "<group>";
		};
		984995301EA56FB200B9E40E /* UserModel */ = {
			isa = PBXGroup;
			children = (
				984995371EA5DA1100B9E40E /* CompositeAddress */,
				9849953B1EA5DBA000B9E40E /* PersonBirthday */,
				984995311EA56FD200B9E40E /* User.h */,
				984995321EA56FD200B9E40E /* User.m */,
				984995341EA5D97B00B9E40E /* Friend.h */,
				984995351EA5D97B00B9E40E /* Friend.m */,
			);
			name = UserModel;
			path = ..;
			sourceTree = "<group>";
		};
		984995371EA5DA1100B9E40E /* CompositeAddress */ = {
			isa = PBXGroup;
			children = (
				9849953D1EA65EB500B9E40E /* User+Addres.h */,
				9849953E1EA65EB500B9E40E /* User+Addres.m */,
			);
			name = CompositeAddress;
			sourceTree = "<group>";
		};
		9849953B1EA5DBA000B9E40E /* PersonBirthday */ = {
			isa = PBXGroup;
			children = (
				9849953C1EA5DBC200B9E40E /* PersonBirthday.h */,
				985746471EA9FC220095A01B /* User+PersonBirthdayCategory.h */,
				985746481EA9FC220095A01B /* User+PersonBirthdayCategory.m */,
			);
			name = PersonBirthday;
			sourceTree = "<group>";
		};
/* End PBXGroup section */

/* Begin PBXNativeTarget section */
		984995251EA56BE800B9E40E /* MRR Task1 */ = {
			isa = PBXNativeTarget;
			buildConfigurationList = 9849952D1EA56BE800B9E40E /* Build configuration list for PBXNativeTarget "MRR Task1" */;
			buildPhases = (
				984995221EA56BE800B9E40E /* Sources */,
				984995231EA56BE800B9E40E /* Frameworks */,
				984995241EA56BE800B9E40E /* CopyFiles */,
			);
			buildRules = (
			);
			dependencies = (
			);
			name = "MRR Task1";
			productName = "MRR Task1";
			productReference = 984995261EA56BE800B9E40E /* MRR Task1 */;
			productType = "com.apple.product-type.tool";
		};
/* End PBXNativeTarget section */

/* Begin PBXProject section */
		9849951E1EA56BE800B9E40E /* Project object */ = {
			isa = PBXProject;
			attributes = {
				LastUpgradeCheck = 0830;
				ORGANIZATIONNAME = "Mikhail Yaskou";
				TargetAttributes = {
					984995251EA56BE800B9E40E = {
						CreatedOnToolsVersion = 8.3.1;
						ProvisioningStyle = Automatic;
					};
				};
			};
			buildConfigurationList = 984995211EA56BE800B9E40E /* Build configuration list for PBXProject "MRR Task1" */;
			compatibilityVersion = "Xcode 3.2";
			developmentRegion = English;
			hasScannedForEncodings = 0;
			knownRegions = (
				en,
			);
			mainGroup = 9849951D1EA56BE800B9E40E;
			productRefGroup = 984995271EA56BE800B9E40E /* Products */;
			projectDirPath = "";
			projectRoot = "";
			targets = (
				984995251EA56BE800B9E40E /* MRR Task1 */,
			);
		};
/* End PBXProject section */

/* Begin PBXSourcesBuildPhase section */
		984995221EA56BE800B9E40E /* Sources */ = {
			isa = PBXSourcesBuildPhase;
			buildActionMask = 2147483647;
			files = (
				984995361EA5D97B00B9E40E /* Friend.m in Sources */,
				9849953F1EA65EB500B9E40E /* User+Addres.m in Sources */,
				984995331EA56FD200B9E40E /* User.m in Sources */,
				9849952A1EA56BE800B9E40E /* main.m in Sources */,
				985746491EA9FC220095A01B /* User+PersonBirthdayCategory.m in Sources */,
			);
			runOnlyForDeploymentPostprocessing = 0;
		};
/* End PBXSourcesBuildPhase section */

/* Begin XCBuildConfiguration section */
		9849952B1EA56BE800B9E40E /* Debug */ = {
			isa = XCBuildConfiguration;
			buildSettings = {
				ALWAYS_SEARCH_USER_PATHS = NO;
				CLANG_ANALYZER_NONNULL = YES;
				CLANG_ANALYZER_NUMBER_OBJECT_CONVERSION = YES_AGGRESSIVE;
				CLANG_CXX_LANGUAGE_STANDARD = "gnu++0x";
				CLANG_CXX_LIBRARY = "libc++";
				CLANG_ENABLE_MODULES = YES;
				CLANG_ENABLE_OBJC_ARC = NO;
				CLANG_WARN_BOOL_CONVERSION = YES;
				CLANG_WARN_CONSTANT_CONVERSION = YES;
				CLANG_WARN_DIRECT_OBJC_ISA_USAGE = YES_ERROR;
				CLANG_WARN_DOCUMENTATION_COMMENTS = YES;
				CLANG_WARN_EMPTY_BODY = YES;
				CLANG_WARN_ENUM_CONVERSION = YES;
				CLANG_WARN_INFINITE_RECURSION = YES;
				CLANG_WARN_INT_CONVERSION = YES;
				CLANG_WARN_OBJC_ROOT_CLASS = YES_ERROR;
				CLANG_WARN_SUSPICIOUS_MOVE = YES;
				CLANG_WARN_UNREACHABLE_CODE = YES;
				CLANG_WARN__DUPLICATE_METHOD_MATCH = YES;
				CODE_SIGN_IDENTITY = "-";
				COPY_PHASE_STRIP = NO;
				DEBUG_INFORMATION_FORMAT = dwarf;
				ENABLE_STRICT_OBJC_MSGSEND = YES;
				ENABLE_TESTABILITY = YES;
				GCC_C_LANGUAGE_STANDARD = gnu99;
				GCC_DYNAMIC_NO_PIC = NO;
				GCC_NO_COMMON_BLOCKS = YES;
				GCC_OPTIMIZATION_LEVEL = 0;
				GCC_PREPROCESSOR_DEFINITIONS = (
					"DEBUG=1",
					"$(inherited)",
				);
				GCC_WARN_64_TO_32_BIT_CONVERSION = YES;
				GCC_WARN_ABOUT_RETURN_TYPE = YES_ERROR;
				GCC_WARN_UNDECLARED_SELECTOR = YES;
				GCC_WARN_UNINITIALIZED_AUTOS = YES_AGGRESSIVE;
				GCC_WARN_UNUSED_FUNCTION = YES;
				GCC_WARN_UNUSED_VARIABLE = YES;
				MACOSX_DEPLOYMENT_TARGET = 10.12;
				MTL_ENABLE_DEBUG_INFO = YES;
				ONLY_ACTIVE_ARCH = YES;
				SDKROOT = macosx;
			};
			name = Debug;
		};
		9849952C1EA56BE800B9E40E /* Release */ = {
			isa = XCBuildConfiguration;
			buildSettings = {
				ALWAYS_SEARCH_USER_PATHS = NO;
				CLANG_ANALYZER_NONNULL = YES;
				CLANG_ANALYZER_NUMBER_OBJECT_CONVERSION = YES_AGGRESSIVE;
				CLANG_CXX_LANGUAGE_STANDARD = "gnu++0x";
				CLANG_CXX_LIBRARY = "libc++";
				CLANG_ENABLE_MODULES = YES;
				CLANG_ENABLE_OBJC_ARC = NO;
				CLANG_WARN_BOOL_CONVERSION = YES;
				CLANG_WARN_CONSTANT_CONVERSION = YES;
				CLANG_WARN_DIRECT_OBJC_ISA_USAGE = YES_ERROR;
				CLANG_WARN_DOCUMENTATION_COMMENTS = YES;
				CLANG_WARN_EMPTY_BODY = YES;
				CLANG_WARN_ENUM_CONVERSION = YES;
				CLANG_WARN_INFINITE_RECURSION = YES;
				CLANG_WARN_INT_CONVERSION = YES;
				CLANG_WARN_OBJC_ROOT_CLASS = YES_ERROR;
				CLANG_WARN_SUSPICIOUS_MOVE = YES;
				CLANG_WARN_UNREACHABLE_CODE = YES;
				CLANG_WARN__DUPLICATE_METHOD_MATCH = YES;
				CODE_SIGN_IDENTITY = "-";
				COPY_PHASE_STRIP = NO;
				DEBUG_INFORMATION_FORMAT = "dwarf-with-dsym";
				ENABLE_NS_ASSERTIONS = NO;
				ENABLE_STRICT_OBJC_MSGSEND = YES;
				GCC_C_LANGUAGE_STANDARD = gnu99;
				GCC_NO_COMMON_BLOCKS = YES;
				GCC_WARN_64_TO_32_BIT_CONVERSION = YES;
				GCC_WARN_ABOUT_RETURN_TYPE = YES_ERROR;
				GCC_WARN_UNDECLARED_SELECTOR = YES;
				GCC_WARN_UNINITIALIZED_AUTOS = YES_AGGRESSIVE;
				GCC_WARN_UNUSED_FUNCTION = YES;
				GCC_WARN_UNUSED_VARIABLE = YES;
				MACOSX_DEPLOYMENT_TARGET = 10.12;
				MTL_ENABLE_DEBUG_INFO = NO;
				SDKROOT = macosx;
			};
			name = Release;
		};
		9849952E1EA56BE800B9E40E /* Debug */ = {
			isa = XCBuildConfiguration;
			buildSettings = {
				CLANG_ENABLE_OBJC_ARC = NO;
				MACOSX_DEPLOYMENT_TARGET = 10.12;
				PRODUCT_NAME = "$(TARGET_NAME)";
			};
			name = Debug;
		};
		9849952F1EA56BE800B9E40E /* Release */ = {
			isa = XCBuildConfiguration;
			buildSettings = {
				CLANG_ENABLE_OBJC_ARC = NO;
				MACOSX_DEPLOYMENT_TARGET = 10.12;
				PRODUCT_NAME = "$(TARGET_NAME)";
			};
			name = Release;
		};
/* End XCBuildConfiguration section */

/* Begin XCConfigurationList section */
		984995211EA56BE800B9E40E /* Build configuration list for PBXProject "MRR Task1" */ = {
			isa = XCConfigurationList;
			buildConfigurations = (
				9849952B1EA56BE800B9E40E /* Debug */,
				9849952C1EA56BE800B9E40E /* Release */,
			);
			defaultConfigurationIsVisible = 0;
			defaultConfigurationName = Release;
		};
		9849952D1EA56BE800B9E40E /* Build configuration list for PBXNativeTarget "MRR Task1" */ = {
			isa = XCConfigurationList;
			buildConfigurations = (
				9849952E1EA56BE800B9E40E /* Debug */,
				9849952F1EA56BE800B9E40E /* Release */,
			);
			defaultConfigurationIsVisible = 0;
			defaultConfigurationName = Release;
		};
/* End XCConfigurationList section */
	};
	rootObject = 9849951E1EA56BE800B9E40E /* Project object */;
}
